<?xml version="1.0" encoding="utf-8"?>
<Project ToolsVersion="17.0" xmlns="http://schemas.microsoft.com/developer/msbuild/2003">
  <ItemGroup>
    <CustomBuild Include="D:\QB64 4.00\QB64pe-4.0.0\AnimOpen vyvoj\webpanim_third_pack\build64\CMakeFiles\ef2d8dd291ec007d0f1fc6ea4726faad\generate.stamp.rule">
      <Filter>CMake Rules</Filter>
    </CustomBuild>
  </ItemGroup>
  <ItemGroup>
    <Filter Include="CMake Rules">
      <UniqueIdentifier>{DFEB3B96-562C-36F9-8357-D2E69B1F52EA}</UniqueIdentifier>
    </Filter>
  </ItemGroup>
</Project>
