
Microsoft Visual Studio Solution File, Format Version 12.00
# Visual Studio Version 17
Project("{8BC9CEB8-8B4A-11D0-8D11-00A0C91BC942}") = "ALL_BUILD", "ALL_BUILD.vcxproj", "{C62627D3-8A2F-3A04-A130-237502B790C9}"
	ProjectSection(ProjectDependencies) = postProject
		{EF7112F8-9CB2-384D-97EB-0B69A371B700} = {EF7112F8-9CB2-384D-97EB-0B69A371B700}
		{A48E10C7-1DAD-3E12-AB44-FCCB1B9589ED} = {A48E10C7-1DAD-3E12-AB44-FCCB1B9589ED}
	EndProjectSection
EndProject
Project("{8BC9CEB8-8B4A-11D0-8D11-00A0C91BC942}") = "INSTALL", "INSTALL.vcxproj", "{6EE973A1-531F-3193-88DF-D46213E8E571}"
	ProjectSection(ProjectDependencies) = postProject
		{C62627D3-8A2F-3A04-A130-237502B790C9} = {C62627D3-8A2F-3A04-A130-237502B790C9}
		{EF7112F8-9CB2-384D-97EB-0B69A371B700} = {EF7112F8-9CB2-384D-97EB-0B69A371B700}
	EndProjectSection
EndProject
Project("{8BC9CEB8-8B4A-11D0-8D11-00A0C91BC942}") = "ZERO_CHECK", "ZERO_CHECK.vcxproj", "{EF7112F8-9CB2-384D-97EB-0B69A371B700}"
	ProjectSection(ProjectDependencies) = postProject
	EndProjectSection
EndProject
Project("{8BC9CEB8-8B4A-11D0-8D11-00A0C91BC942}") = "sharpyuv", "third_party\libwebp\sharpyuv.vcxproj", "{3867D3FD-F9E8-32C2-A855-BB0561FAC9EA}"
	ProjectSection(ProjectDependencies) = postProject
		{EF7112F8-9CB2-384D-97EB-0B69A371B700} = {EF7112F8-9CB2-384D-97EB-0B69A371B700}
	EndProjectSection
EndProject
Project("{8BC9CEB8-8B4A-11D0-8D11-00A0C91BC942}") = "webp", "third_party\libwebp\webp.vcxproj", "{A68438BC-9037-3958-9E38-835C1241B256}"
	ProjectSection(ProjectDependencies) = postProject
		{EF7112F8-9CB2-384D-97EB-0B69A371B700} = {EF7112F8-9CB2-384D-97EB-0B69A371B700}
		{3867D3FD-F9E8-32C2-A855-BB0561FAC9EA} = {3867D3FD-F9E8-32C2-A855-BB0561FAC9EA}
		{AA2C1E1C-0BA9-366B-83D1-203265BFA9D0} = {AA2C1E1C-0BA9-366B-83D1-203265BFA9D0}
		{CE8A8705-58E1-3DB9-94A5-C1E061F4D5C6} = {CE8A8705-58E1-3DB9-94A5-C1E061F4D5C6}
		{A565CE6A-8297-3F58-94D5-1DB28B1DAE6A} = {A565CE6A-8297-3F58-94D5-1DB28B1DAE6A}
		{1E624FF3-1681-3884-A47F-038BC5E63634} = {1E624FF3-1681-3884-A47F-038BC5E63634}
	EndProjectSection
EndProject
Project("{8BC9CEB8-8B4A-11D0-8D11-00A0C91BC942}") = "webpanim", "webpanim.vcxproj", "{A48E10C7-1DAD-3E12-AB44-FCCB1B9589ED}"
	ProjectSection(ProjectDependencies) = postProject
		{EF7112F8-9CB2-384D-97EB-0B69A371B700} = {EF7112F8-9CB2-384D-97EB-0B69A371B700}
		{3867D3FD-F9E8-32C2-A855-BB0561FAC9EA} = {3867D3FD-F9E8-32C2-A855-BB0561FAC9EA}
		{A68438BC-9037-3958-9E38-835C1241B256} = {A68438BC-9037-3958-9E38-835C1241B256}
		{D263C9FD-E6AD-3B69-8796-F24C323A3F0E} = {D263C9FD-E6AD-3B69-8796-F24C323A3F0E}
		{6275EF05-D119-3F71-8314-175D16133663} = {6275EF05-D119-3F71-8314-175D16133663}
	EndProjectSection
EndProject
Project("{8BC9CEB8-8B4A-11D0-8D11-00A0C91BC942}") = "webpdecode", "third_party\libwebp\webpdecode.vcxproj", "{AA2C1E1C-0BA9-366B-83D1-203265BFA9D0}"
	ProjectSection(ProjectDependencies) = postProject
		{EF7112F8-9CB2-384D-97EB-0B69A371B700} = {EF7112F8-9CB2-384D-97EB-0B69A371B700}
		{579B279E-7F3B-36AD-80D6-AA0A8A132698} = {579B279E-7F3B-36AD-80D6-AA0A8A132698}
	EndProjectSection
EndProject
Project("{8BC9CEB8-8B4A-11D0-8D11-00A0C91BC942}") = "webpdecoder", "third_party\libwebp\webpdecoder.vcxproj", "{D263C9FD-E6AD-3B69-8796-F24C323A3F0E}"
	ProjectSection(ProjectDependencies) = postProject
		{EF7112F8-9CB2-384D-97EB-0B69A371B700} = {EF7112F8-9CB2-384D-97EB-0B69A371B700}
		{AA2C1E1C-0BA9-366B-83D1-203265BFA9D0} = {AA2C1E1C-0BA9-366B-83D1-203265BFA9D0}
		{579B279E-7F3B-36AD-80D6-AA0A8A132698} = {579B279E-7F3B-36AD-80D6-AA0A8A132698}
		{528CD0AD-FB29-31A0-AA27-6F3FBF9EF8B9} = {528CD0AD-FB29-31A0-AA27-6F3FBF9EF8B9}
	EndProjectSection
EndProject
Project("{8BC9CEB8-8B4A-11D0-8D11-00A0C91BC942}") = "webpdemux", "third_party\libwebp\webpdemux.vcxproj", "{6275EF05-D119-3F71-8314-175D16133663}"
	ProjectSection(ProjectDependencies) = postProject
		{EF7112F8-9CB2-384D-97EB-0B69A371B700} = {EF7112F8-9CB2-384D-97EB-0B69A371B700}
		{3867D3FD-F9E8-32C2-A855-BB0561FAC9EA} = {3867D3FD-F9E8-32C2-A855-BB0561FAC9EA}
		{A68438BC-9037-3958-9E38-835C1241B256} = {A68438BC-9037-3958-9E38-835C1241B256}
	EndProjectSection
EndProject
Project("{8BC9CEB8-8B4A-11D0-8D11-00A0C91BC942}") = "webpdsp", "third_party\libwebp\webpdsp.vcxproj", "{CE8A8705-58E1-3DB9-94A5-C1E061F4D5C6}"
	ProjectSection(ProjectDependencies) = postProject
		{EF7112F8-9CB2-384D-97EB-0B69A371B700} = {EF7112F8-9CB2-384D-97EB-0B69A371B700}
	EndProjectSection
EndProject
Project("{8BC9CEB8-8B4A-11D0-8D11-00A0C91BC942}") = "webpdspdecode", "third_party\libwebp\webpdspdecode.vcxproj", "{579B279E-7F3B-36AD-80D6-AA0A8A132698}"
	ProjectSection(ProjectDependencies) = postProject
		{EF7112F8-9CB2-384D-97EB-0B69A371B700} = {EF7112F8-9CB2-384D-97EB-0B69A371B700}
	EndProjectSection
EndProject
Project("{8BC9CEB8-8B4A-11D0-8D11-00A0C91BC942}") = "webpencode", "third_party\libwebp\webpencode.vcxproj", "{A565CE6A-8297-3F58-94D5-1DB28B1DAE6A}"
	ProjectSection(ProjectDependencies) = postProject
		{EF7112F8-9CB2-384D-97EB-0B69A371B700} = {EF7112F8-9CB2-384D-97EB-0B69A371B700}
	EndProjectSection
EndProject
Project("{8BC9CEB8-8B4A-11D0-8D11-00A0C91BC942}") = "webputils", "third_party\libwebp\webputils.vcxproj", "{1E624FF3-1681-3884-A47F-038BC5E63634}"
	ProjectSection(ProjectDependencies) = postProject
		{EF7112F8-9CB2-384D-97EB-0B69A371B700} = {EF7112F8-9CB2-384D-97EB-0B69A371B700}
	EndProjectSection
EndProject
Project("{8BC9CEB8-8B4A-11D0-8D11-00A0C91BC942}") = "webputilsdecode", "third_party\libwebp\webputilsdecode.vcxproj", "{528CD0AD-FB29-31A0-AA27-6F3FBF9EF8B9}"
	ProjectSection(ProjectDependencies) = postProject
		{EF7112F8-9CB2-384D-97EB-0B69A371B700} = {EF7112F8-9CB2-384D-97EB-0B69A371B700}
	EndProjectSection
EndProject
Global
	GlobalSection(SolutionConfigurationPlatforms) = preSolution
		Debug|Win32 = Debug|Win32
		Release|Win32 = Release|Win32
		MinSizeRel|Win32 = MinSizeRel|Win32
		RelWithDebInfo|Win32 = RelWithDebInfo|Win32
	EndGlobalSection
	GlobalSection(ProjectConfigurationPlatforms) = postSolution
		{C62627D3-8A2F-3A04-A130-237502B790C9}.Debug|Win32.ActiveCfg = Debug|Win32
		{C62627D3-8A2F-3A04-A130-237502B790C9}.Debug|Win32.Build.0 = Debug|Win32
		{C62627D3-8A2F-3A04-A130-237502B790C9}.Release|Win32.ActiveCfg = Release|Win32
		{C62627D3-8A2F-3A04-A130-237502B790C9}.Release|Win32.Build.0 = Release|Win32
		{C62627D3-8A2F-3A04-A130-237502B790C9}.MinSizeRel|Win32.ActiveCfg = MinSizeRel|Win32
		{C62627D3-8A2F-3A04-A130-237502B790C9}.MinSizeRel|Win32.Build.0 = MinSizeRel|Win32
		{C62627D3-8A2F-3A04-A130-237502B790C9}.RelWithDebInfo|Win32.ActiveCfg = RelWithDebInfo|Win32
		{C62627D3-8A2F-3A04-A130-237502B790C9}.RelWithDebInfo|Win32.Build.0 = RelWithDebInfo|Win32
		{6EE973A1-531F-3193-88DF-D46213E8E571}.Debug|Win32.ActiveCfg = Debug|Win32
		{6EE973A1-531F-3193-88DF-D46213E8E571}.Release|Win32.ActiveCfg = Release|Win32
		{6EE973A1-531F-3193-88DF-D46213E8E571}.MinSizeRel|Win32.ActiveCfg = MinSizeRel|Win32
		{6EE973A1-531F-3193-88DF-D46213E8E571}.RelWithDebInfo|Win32.ActiveCfg = RelWithDebInfo|Win32
		{EF7112F8-9CB2-384D-97EB-0B69A371B700}.Debug|Win32.ActiveCfg = Debug|Win32
		{EF7112F8-9CB2-384D-97EB-0B69A371B700}.Debug|Win32.Build.0 = Debug|Win32
		{EF7112F8-9CB2-384D-97EB-0B69A371B700}.Release|Win32.ActiveCfg = Release|Win32
		{EF7112F8-9CB2-384D-97EB-0B69A371B700}.Release|Win32.Build.0 = Release|Win32
		{EF7112F8-9CB2-384D-97EB-0B69A371B700}.MinSizeRel|Win32.ActiveCfg = MinSizeRel|Win32
		{EF7112F8-9CB2-384D-97EB-0B69A371B700}.MinSizeRel|Win32.Build.0 = MinSizeRel|Win32
		{EF7112F8-9CB2-384D-97EB-0B69A371B700}.RelWithDebInfo|Win32.ActiveCfg = RelWithDebInfo|Win32
		{EF7112F8-9CB2-384D-97EB-0B69A371B700}.RelWithDebInfo|Win32.Build.0 = RelWithDebInfo|Win32
		{3867D3FD-F9E8-32C2-A855-BB0561FAC9EA}.Debug|Win32.ActiveCfg = Debug|Win32
		{3867D3FD-F9E8-32C2-A855-BB0561FAC9EA}.Debug|Win32.Build.0 = Debug|Win32
		{3867D3FD-F9E8-32C2-A855-BB0561FAC9EA}.Release|Win32.ActiveCfg = Release|Win32
		{3867D3FD-F9E8-32C2-A855-BB0561FAC9EA}.Release|Win32.Build.0 = Release|Win32
		{3867D3FD-F9E8-32C2-A855-BB0561FAC9EA}.MinSizeRel|Win32.ActiveCfg = MinSizeRel|Win32
		{3867D3FD-F9E8-32C2-A855-BB0561FAC9EA}.MinSizeRel|Win32.Build.0 = MinSizeRel|Win32
		{3867D3FD-F9E8-32C2-A855-BB0561FAC9EA}.RelWithDebInfo|Win32.ActiveCfg = RelWithDebInfo|Win32
		{3867D3FD-F9E8-32C2-A855-BB0561FAC9EA}.RelWithDebInfo|Win32.Build.0 = RelWithDebInfo|Win32
		{A68438BC-9037-3958-9E38-835C1241B256}.Debug|Win32.ActiveCfg = Debug|Win32
		{A68438BC-9037-3958-9E38-835C1241B256}.Debug|Win32.Build.0 = Debug|Win32
		{A68438BC-9037-3958-9E38-835C1241B256}.Release|Win32.ActiveCfg = Release|Win32
		{A68438BC-9037-3958-9E38-835C1241B256}.Release|Win32.Build.0 = Release|Win32
		{A68438BC-9037-3958-9E38-835C1241B256}.MinSizeRel|Win32.ActiveCfg = MinSizeRel|Win32
		{A68438BC-9037-3958-9E38-835C1241B256}.MinSizeRel|Win32.Build.0 = MinSizeRel|Win32
		{A68438BC-9037-3958-9E38-835C1241B256}.RelWithDebInfo|Win32.ActiveCfg = RelWithDebInfo|Win32
		{A68438BC-9037-3958-9E38-835C1241B256}.RelWithDebInfo|Win32.Build.0 = RelWithDebInfo|Win32
		{A48E10C7-1DAD-3E12-AB44-FCCB1B9589ED}.Debug|Win32.ActiveCfg = Debug|Win32
		{A48E10C7-1DAD-3E12-AB44-FCCB1B9589ED}.Debug|Win32.Build.0 = Debug|Win32
		{A48E10C7-1DAD-3E12-AB44-FCCB1B9589ED}.Release|Win32.ActiveCfg = Release|Win32
		{A48E10C7-1DAD-3E12-AB44-FCCB1B9589ED}.Release|Win32.Build.0 = Release|Win32
		{A48E10C7-1DAD-3E12-AB44-FCCB1B9589ED}.MinSizeRel|Win32.ActiveCfg = MinSizeRel|Win32
		{A48E10C7-1DAD-3E12-AB44-FCCB1B9589ED}.MinSizeRel|Win32.Build.0 = MinSizeRel|Win32
		{A48E10C7-1DAD-3E12-AB44-FCCB1B9589ED}.RelWithDebInfo|Win32.ActiveCfg = RelWithDebInfo|Win32
		{A48E10C7-1DAD-3E12-AB44-FCCB1B9589ED}.RelWithDebInfo|Win32.Build.0 = RelWithDebInfo|Win32
		{AA2C1E1C-0BA9-366B-83D1-203265BFA9D0}.Debug|Win32.ActiveCfg = Debug|Win32
		{AA2C1E1C-0BA9-366B-83D1-203265BFA9D0}.Debug|Win32.Build.0 = Debug|Win32
		{AA2C1E1C-0BA9-366B-83D1-203265BFA9D0}.Release|Win32.ActiveCfg = Release|Win32
		{AA2C1E1C-0BA9-366B-83D1-203265BFA9D0}.Release|Win32.Build.0 = Release|Win32
		{AA2C1E1C-0BA9-366B-83D1-203265BFA9D0}.MinSizeRel|Win32.ActiveCfg = MinSizeRel|Win32
		{AA2C1E1C-0BA9-366B-83D1-203265BFA9D0}.MinSizeRel|Win32.Build.0 = MinSizeRel|Win32
		{AA2C1E1C-0BA9-366B-83D1-203265BFA9D0}.RelWithDebInfo|Win32.ActiveCfg = RelWithDebInfo|Win32
		{AA2C1E1C-0BA9-366B-83D1-203265BFA9D0}.RelWithDebInfo|Win32.Build.0 = RelWithDebInfo|Win32
		{D263C9FD-E6AD-3B69-8796-F24C323A3F0E}.Debug|Win32.ActiveCfg = Debug|Win32
		{D263C9FD-E6AD-3B69-8796-F24C323A3F0E}.Debug|Win32.Build.0 = Debug|Win32
		{D263C9FD-E6AD-3B69-8796-F24C323A3F0E}.Release|Win32.ActiveCfg = Release|Win32
		{D263C9FD-E6AD-3B69-8796-F24C323A3F0E}.Release|Win32.Build.0 = Release|Win32
		{D263C9FD-E6AD-3B69-8796-F24C323A3F0E}.MinSizeRel|Win32.ActiveCfg = MinSizeRel|Win32
		{D263C9FD-E6AD-3B69-8796-F24C323A3F0E}.MinSizeRel|Win32.Build.0 = MinSizeRel|Win32
		{D263C9FD-E6AD-3B69-8796-F24C323A3F0E}.RelWithDebInfo|Win32.ActiveCfg = RelWithDebInfo|Win32
		{D263C9FD-E6AD-3B69-8796-F24C323A3F0E}.RelWithDebInfo|Win32.Build.0 = RelWithDebInfo|Win32
		{6275EF05-D119-3F71-8314-175D16133663}.Debug|Win32.ActiveCfg = Debug|Win32
		{6275EF05-D119-3F71-8314-175D16133663}.Debug|Win32.Build.0 = Debug|Win32
		{6275EF05-D119-3F71-8314-175D16133663}.Release|Win32.ActiveCfg = Release|Win32
		{6275EF05-D119-3F71-8314-175D16133663}.Release|Win32.Build.0 = Release|Win32
		{6275EF05-D119-3F71-8314-175D16133663}.MinSizeRel|Win32.ActiveCfg = MinSizeRel|Win32
		{6275EF05-D119-3F71-8314-175D16133663}.MinSizeRel|Win32.Build.0 = MinSizeRel|Win32
		{6275EF05-D119-3F71-8314-175D16133663}.RelWithDebInfo|Win32.ActiveCfg = RelWithDebInfo|Win32
		{6275EF05-D119-3F71-8314-175D16133663}.RelWithDebInfo|Win32.Build.0 = RelWithDebInfo|Win32
		{CE8A8705-58E1-3DB9-94A5-C1E061F4D5C6}.Debug|Win32.ActiveCfg = Debug|Win32
		{CE8A8705-58E1-3DB9-94A5-C1E061F4D5C6}.Debug|Win32.Build.0 = Debug|Win32
		{CE8A8705-58E1-3DB9-94A5-C1E061F4D5C6}.Release|Win32.ActiveCfg = Release|Win32
		{CE8A8705-58E1-3DB9-94A5-C1E061F4D5C6}.Release|Win32.Build.0 = Release|Win32
		{CE8A8705-58E1-3DB9-94A5-C1E061F4D5C6}.MinSizeRel|Win32.ActiveCfg = MinSizeRel|Win32
		{CE8A8705-58E1-3DB9-94A5-C1E061F4D5C6}.MinSizeRel|Win32.Build.0 = MinSizeRel|Win32
		{CE8A8705-58E1-3DB9-94A5-C1E061F4D5C6}.RelWithDebInfo|Win32.ActiveCfg = RelWithDebInfo|Win32
		{CE8A8705-58E1-3DB9-94A5-C1E061F4D5C6}.RelWithDebInfo|Win32.Build.0 = RelWithDebInfo|Win32
		{579B279E-7F3B-36AD-80D6-AA0A8A132698}.Debug|Win32.ActiveCfg = Debug|Win32
		{579B279E-7F3B-36AD-80D6-AA0A8A132698}.Debug|Win32.Build.0 = Debug|Win32
		{579B279E-7F3B-36AD-80D6-AA0A8A132698}.Release|Win32.ActiveCfg = Release|Win32
		{579B279E-7F3B-36AD-80D6-AA0A8A132698}.Release|Win32.Build.0 = Release|Win32
		{579B279E-7F3B-36AD-80D6-AA0A8A132698}.MinSizeRel|Win32.ActiveCfg = MinSizeRel|Win32
		{579B279E-7F3B-36AD-80D6-AA0A8A132698}.MinSizeRel|Win32.Build.0 = MinSizeRel|Win32
		{579B279E-7F3B-36AD-80D6-AA0A8A132698}.RelWithDebInfo|Win32.ActiveCfg = RelWithDebInfo|Win32
		{579B279E-7F3B-36AD-80D6-AA0A8A132698}.RelWithDebInfo|Win32.Build.0 = RelWithDebInfo|Win32
		{A565CE6A-8297-3F58-94D5-1DB28B1DAE6A}.Debug|Win32.ActiveCfg = Debug|Win32
		{A565CE6A-8297-3F58-94D5-1DB28B1DAE6A}.Debug|Win32.Build.0 = Debug|Win32
		{A565CE6A-8297-3F58-94D5-1DB28B1DAE6A}.Release|Win32.ActiveCfg = Release|Win32
		{A565CE6A-8297-3F58-94D5-1DB28B1DAE6A}.Release|Win32.Build.0 = Release|Win32
		{A565CE6A-8297-3F58-94D5-1DB28B1DAE6A}.MinSizeRel|Win32.ActiveCfg = MinSizeRel|Win32
		{A565CE6A-8297-3F58-94D5-1DB28B1DAE6A}.MinSizeRel|Win32.Build.0 = MinSizeRel|Win32
		{A565CE6A-8297-3F58-94D5-1DB28B1DAE6A}.RelWithDebInfo|Win32.ActiveCfg = RelWithDebInfo|Win32
		{A565CE6A-8297-3F58-94D5-1DB28B1DAE6A}.RelWithDebInfo|Win32.Build.0 = RelWithDebInfo|Win32
		{1E624FF3-1681-3884-A47F-038BC5E63634}.Debug|Win32.ActiveCfg = Debug|Win32
		{1E624FF3-1681-3884-A47F-038BC5E63634}.Debug|Win32.Build.0 = Debug|Win32
		{1E624FF3-1681-3884-A47F-038BC5E63634}.Release|Win32.ActiveCfg = Release|Win32
		{1E624FF3-1681-3884-A47F-038BC5E63634}.Release|Win32.Build.0 = Release|Win32
		{1E624FF3-1681-3884-A47F-038BC5E63634}.MinSizeRel|Win32.ActiveCfg = MinSizeRel|Win32
		{1E624FF3-1681-3884-A47F-038BC5E63634}.MinSizeRel|Win32.Build.0 = MinSizeRel|Win32
		{1E624FF3-1681-3884-A47F-038BC5E63634}.RelWithDebInfo|Win32.ActiveCfg = RelWithDebInfo|Win32
		{1E624FF3-1681-3884-A47F-038BC5E63634}.RelWithDebInfo|Win32.Build.0 = RelWithDebInfo|Win32
		{528CD0AD-FB29-31A0-AA27-6F3FBF9EF8B9}.Debug|Win32.ActiveCfg = Debug|Win32
		{528CD0AD-FB29-31A0-AA27-6F3FBF9EF8B9}.Debug|Win32.Build.0 = Debug|Win32
		{528CD0AD-FB29-31A0-AA27-6F3FBF9EF8B9}.Release|Win32.ActiveCfg = Release|Win32
		{528CD0AD-FB29-31A0-AA27-6F3FBF9EF8B9}.Release|Win32.Build.0 = Release|Win32
		{528CD0AD-FB29-31A0-AA27-6F3FBF9EF8B9}.MinSizeRel|Win32.ActiveCfg = MinSizeRel|Win32
		{528CD0AD-FB29-31A0-AA27-6F3FBF9EF8B9}.MinSizeRel|Win32.Build.0 = MinSizeRel|Win32
		{528CD0AD-FB29-31A0-AA27-6F3FBF9EF8B9}.RelWithDebInfo|Win32.ActiveCfg = RelWithDebInfo|Win32
		{528CD0AD-FB29-31A0-AA27-6F3FBF9EF8B9}.RelWithDebInfo|Win32.Build.0 = RelWithDebInfo|Win32
	EndGlobalSection
	GlobalSection(ExtensibilityGlobals) = postSolution
		SolutionGuid = {1E952280-5F41-3D2D-AEF1-9CB244A5E44D}
	EndGlobalSection
	GlobalSection(ExtensibilityAddIns) = postSolution
	EndGlobalSection
EndGlobal
